
Microsoft Visual Studio Solution File, Format Version 12.00
# Visual Studio Version 17
VisualStudioVersion = 17.8.34525.116
MinimumVisualStudioVersion = 10.0.40219.1
Project("{9A19103F-16F7-4668-BE54-9A1E7A4F7556}") = "Meinecke Sistemas", "Meinecke Sistemas\Meinecke Sistemas.csproj", "{BBF00CE8-FCA8-4D09-9B6A-366070C783DD}"
EndProject
Global
	GlobalSection(SolutionConfigurationPlatforms) = preSolution
		Debug|Any CPU = Debug|Any CPU
		Release|Any CPU = Release|Any CPU
	EndGlobalSection
	GlobalSection(ProjectConfigurationPlatforms) = postSolution
		{BBF00CE8-FCA8-4D09-9B6A-366070C783DD}.Debug|Any CPU.ActiveCfg = Debug|Any CPU
		{BBF00CE8-FCA8-4D09-9B6A-366070C783DD}.Debug|Any CPU.Build.0 = Debug|Any CPU
		{BBF00CE8-FCA8-4D09-9B6A-366070C783DD}.Release|Any CPU.ActiveCfg = Release|Any CPU
		{BBF00CE8-FCA8-4D09-9B6A-366070C783DD}.Release|Any CPU.Build.0 = Release|Any CPU
	EndGlobalSection
	GlobalSection(SolutionProperties) = preSolution
		HideSolutionNode = FALSE
	EndGlobalSection
	GlobalSection(ExtensibilityGlobals) = postSolution
		SolutionGuid = {C9706863-78F9-4A17-8DA7-3A6A04460590}
	EndGlobalSection
EndGlobal
